
Microsoft Visual Studio Solution File, Format Version 12.00
# Visual Studio 14
VisualStudioVersion = 14.0.23107.0
MinimumVisualStudioVersion = 10.0.40219.1
Project("{2150E333-8FDC-42A3-9474-1A3956D46DE8}") = ".nuget", ".nuget", "{DFA48E27-7D53-4955-A722-3D91A7119BE7}"
	ProjectSection(SolutionItems) = preProject
		.nuget\NuGet.Config = .nuget\NuGet.Config
		.nuget\NuGet.exe = .nuget\NuGet.exe
		.nuget\NuGet.targets = .nuget\NuGet.targets
	EndProjectSection
EndProject
Project("{FAE04EC0-301F-11D3-BF4B-00C04F79EFBC}") = "ESLab.SPMS.Core", "ESLab.SPMS.Core\ESLab.SPMS.Core.csproj", "{17298EA0-AF73-4F30-B6F1-2066100D7D74}"
EndProject
Project("{FAE04EC0-301F-11D3-BF4B-00C04F79EFBC}") = "ESLab.SPMS.Application", "ESLab.SPMS.Application\ESLab.SPMS.Application.csproj", "{EDF5D964-4C0F-4F19-B674-58A38A5E5401}"
EndProject
Project("{FAE04EC0-301F-11D3-BF4B-00C04F79EFBC}") = "ESLab.SPMS.EntityFramework", "ESLab.SPMS.EntityFramework\ESLab.SPMS.EntityFramework.csproj", "{3979F157-DEB0-4878-AB1D-4CEF6B5A1300}"
	ProjectSection(ProjectDependencies) = postProject
		{3B26D7DB-87CF-4EAA-9FF5-1629F0B26E14} = {3B26D7DB-87CF-4EAA-9FF5-1629F0B26E14}
	EndProjectSection
EndProject
Project("{FAE04EC0-301F-11D3-BF4B-00C04F79EFBC}") = "ESLab.SPMS.Web", "ESLab.SPMS.Web\ESLab.SPMS.Web.csproj", "{897F6FD8-6F90-48E4-95A5-B4429B896205}"
	ProjectSection(ProjectDependencies) = postProject
		{91908AF3-6989-4D15-994A-1F0784E143B5} = {91908AF3-6989-4D15-994A-1F0784E143B5}
	EndProjectSection
EndProject
Project("{FAE04EC0-301F-11D3-BF4B-00C04F79EFBC}") = "ESLab.SPMS.WebApi", "ESLab.SPMS.WebApi\ESLab.SPMS.WebApi.csproj", "{5EB52D3D-09FD-463A-B02A-8D9856BD3724}"
EndProject
Project("{2150E333-8FDC-42A3-9474-1A3956D46DE8}") = "Test", "Test", "{7E85C7E5-70BD-4C9D-B052-D95955F46609}"
EndProject
Project("{FAE04EC0-301F-11D3-BF4B-00C04F79EFBC}") = "ESLab.SPMS.Tests", "Tests\ESLab.SPMS.Tests\ESLab.SPMS.Tests.csproj", "{C602C47E-F379-40A3-A146-4F19105B3491}"
EndProject
Project("{2150E333-8FDC-42A3-9474-1A3956D46DE8}") = "Modules", "Modules", "{D22BBA3D-F659-4431-8C1F-54FAD503456B}"
EndProject
Project("{2150E333-8FDC-42A3-9474-1A3956D46DE8}") = "Sales", "Sales", "{E617B5E5-91D6-4CB6-BD8D-DED2746FE2B9}"
EndProject
Project("{FAE04EC0-301F-11D3-BF4B-00C04F79EFBC}") = "ESLab.SPMS.Sales.Entity", "ESLab.SPMS.Sales.Entities\ESLab.SPMS.Sales.Entity.csproj", "{B16D1621-F9D5-400A-B104-C3968B5DA5C1}"
EndProject
Project("{FAE04EC0-301F-11D3-BF4B-00C04F79EFBC}") = "ESLab.SPMS.Sales.Application", "ESLab.SPMS.Sales.Application\ESLab.SPMS.Sales.Application.csproj", "{1A5FE221-036F-45AC-A7F7-CE4502217E0A}"
EndProject
Project("{FAE04EC0-301F-11D3-BF4B-00C04F79EFBC}") = "ESLab.SPMS.Sales.Domain", "ESLab.SPMS.Sales.Domain\ESLab.SPMS.Sales.Domain.csproj", "{FF15F5B0-5067-4182-87FF-75A8E3F11E3C}"
EndProject
Project("{2150E333-8FDC-42A3-9474-1A3956D46DE8}") = "Procurement", "Procurement", "{43E7F07F-5F6B-4E8E-8B04-4D615E0DB8EB}"
EndProject
Project("{FAE04EC0-301F-11D3-BF4B-00C04F79EFBC}") = "ESLab.SPMS.Procurement.Domain", "ESLab.SPMS.Purchase.Domain\ESLab.SPMS.Procurement.Domain.csproj", "{CC8F22AF-C19C-4E09-A0AF-F9082FC725C0}"
EndProject
Project("{FAE04EC0-301F-11D3-BF4B-00C04F79EFBC}") = "ESLab.SPMS.Procurement.Entity", "ESLab.SPMS.Purchase.Entity\ESLab.SPMS.Procurement.Entity.csproj", "{317500A0-EB81-4C54-8298-4FBCD68A2C92}"
EndProject
Project("{FAE04EC0-301F-11D3-BF4B-00C04F79EFBC}") = "ESLab.SPMS.Procurement.Application", "ESLab.SPMS.Procurement.Application\ESLab.SPMS.Procurement.Application.csproj", "{BD5D6D3F-6E4E-4C75-8488-80F7098EE3A4}"
	ProjectSection(ProjectDependencies) = postProject
		{3B26D7DB-87CF-4EAA-9FF5-1629F0B26E14} = {3B26D7DB-87CF-4EAA-9FF5-1629F0B26E14}
	EndProjectSection
EndProject
Project("{2150E333-8FDC-42A3-9474-1A3956D46DE8}") = "Inventory", "Inventory", "{FB6E9A8D-638F-4E4C-A0C3-A96F12FAE28D}"
EndProject
Project("{FAE04EC0-301F-11D3-BF4B-00C04F79EFBC}") = "ESLab.SPMS.Inventory.Domain", "ESLab.SPMS.Inventory.Domain\ESLab.SPMS.Inventory.Domain.csproj", "{C5559A04-4513-4FF6-86CE-E63AC7D3A217}"
EndProject
Project("{FAE04EC0-301F-11D3-BF4B-00C04F79EFBC}") = "ESLab.SPMS.Inventory.Entity", "ESLab.SPMS.Inventory.Entity\ESLab.SPMS.Inventory.Entity.csproj", "{E1391F1C-5BCF-40C6-8E99-294D367AEE2E}"
EndProject
Project("{FAE04EC0-301F-11D3-BF4B-00C04F79EFBC}") = "ESLab.SPMS.Inventory.Application", "ESLab.SPMS.Inventory.Application\ESLab.SPMS.Inventory.Application.csproj", "{86201966-6132-40A5-A6BA-A51A5930C876}"
	ProjectSection(ProjectDependencies) = postProject
		{3B26D7DB-87CF-4EAA-9FF5-1629F0B26E14} = {3B26D7DB-87CF-4EAA-9FF5-1629F0B26E14}
	EndProjectSection
EndProject
Project("{2150E333-8FDC-42A3-9474-1A3956D46DE8}") = "Production", "Production", "{48FF6918-0D30-4A79-AA2A-B56A886AB6FC}"
EndProject
Project("{FAE04EC0-301F-11D3-BF4B-00C04F79EFBC}") = "ESLab.SPMS.Production.Application", "ESLab.SPMS.Production.Application\ESLab.SPMS.Production.Application.csproj", "{52C93A81-5BBC-4FC8-96B4-B97411863AAE}"
EndProject
Project("{FAE04EC0-301F-11D3-BF4B-00C04F79EFBC}") = "ESLab.SPMS.Production.Domain", "ESLab.SPMS.Production.Domain\ESLab.SPMS.Production.Domain.csproj", "{3B26D7DB-87CF-4EAA-9FF5-1629F0B26E14}"
EndProject
Project("{FAE04EC0-301F-11D3-BF4B-00C04F79EFBC}") = "ESLab.SPMS.Production.Entity", "ESLab.SPMS.Production.Entity\ESLab.SPMS.Production.Entity.csproj", "{91908AF3-6989-4D15-994A-1F0784E143B5}"
EndProject
Project("{2150E333-8FDC-42A3-9474-1A3956D46DE8}") = "Finance", "Finance", "{0746AF6F-B33A-4F84-BC1E-939F6140FB00}"
EndProject
Project("{FAE04EC0-301F-11D3-BF4B-00C04F79EFBC}") = "ESLab.SPMS.Finance.Application", "ESLab.SPMS.Finance.Application\ESLab.SPMS.Finance.Application.csproj", "{3B9033AD-4098-4760-ACE9-278359A6BC5E}"
EndProject
Project("{FAE04EC0-301F-11D3-BF4B-00C04F79EFBC}") = "ESLab.SPMS.Finance.Domain", "ESLab.SPMS.Finance.Domain\ESLab.SPMS.Finance.Domain.csproj", "{236E64C7-F113-430C-8816-BD56672AB1AE}"
EndProject
Project("{FAE04EC0-301F-11D3-BF4B-00C04F79EFBC}") = "ESLab.SPMS.Finance.Entity", "ESLab.SPMS.Finance.Entity\ESLab.SPMS.Finance.Entity.csproj", "{C92339CE-BDC9-4484-A67B-D8D5024F29F0}"
EndProject
Global
	GlobalSection(SolutionConfigurationPlatforms) = preSolution
		Debug|Any CPU = Debug|Any CPU
		Release|Any CPU = Release|Any CPU
	EndGlobalSection
	GlobalSection(ProjectConfigurationPlatforms) = postSolution
		{17298EA0-AF73-4F30-B6F1-2066100D7D74}.Debug|Any CPU.ActiveCfg = Debug|Any CPU
		{17298EA0-AF73-4F30-B6F1-2066100D7D74}.Debug|Any CPU.Build.0 = Debug|Any CPU
		{17298EA0-AF73-4F30-B6F1-2066100D7D74}.Release|Any CPU.ActiveCfg = Release|Any CPU
		{17298EA0-AF73-4F30-B6F1-2066100D7D74}.Release|Any CPU.Build.0 = Release|Any CPU
		{EDF5D964-4C0F-4F19-B674-58A38A5E5401}.Debug|Any CPU.ActiveCfg = Debug|Any CPU
		{EDF5D964-4C0F-4F19-B674-58A38A5E5401}.Debug|Any CPU.Build.0 = Debug|Any CPU
		{EDF5D964-4C0F-4F19-B674-58A38A5E5401}.Release|Any CPU.ActiveCfg = Release|Any CPU
		{EDF5D964-4C0F-4F19-B674-58A38A5E5401}.Release|Any CPU.Build.0 = Release|Any CPU
		{3979F157-DEB0-4878-AB1D-4CEF6B5A1300}.Debug|Any CPU.ActiveCfg = Debug|Any CPU
		{3979F157-DEB0-4878-AB1D-4CEF6B5A1300}.Debug|Any CPU.Build.0 = Debug|Any CPU
		{3979F157-DEB0-4878-AB1D-4CEF6B5A1300}.Release|Any CPU.ActiveCfg = Release|Any CPU
		{3979F157-DEB0-4878-AB1D-4CEF6B5A1300}.Release|Any CPU.Build.0 = Release|Any CPU
		{897F6FD8-6F90-48E4-95A5-B4429B896205}.Debug|Any CPU.ActiveCfg = Debug|Any CPU
		{897F6FD8-6F90-48E4-95A5-B4429B896205}.Debug|Any CPU.Build.0 = Debug|Any CPU
		{897F6FD8-6F90-48E4-95A5-B4429B896205}.Release|Any CPU.ActiveCfg = Release|Any CPU
		{897F6FD8-6F90-48E4-95A5-B4429B896205}.Release|Any CPU.Build.0 = Release|Any CPU
		{5EB52D3D-09FD-463A-B02A-8D9856BD3724}.Debug|Any CPU.ActiveCfg = Debug|Any CPU
		{5EB52D3D-09FD-463A-B02A-8D9856BD3724}.Debug|Any CPU.Build.0 = Debug|Any CPU
		{5EB52D3D-09FD-463A-B02A-8D9856BD3724}.Release|Any CPU.ActiveCfg = Release|Any CPU
		{5EB52D3D-09FD-463A-B02A-8D9856BD3724}.Release|Any CPU.Build.0 = Release|Any CPU
		{C602C47E-F379-40A3-A146-4F19105B3491}.Debug|Any CPU.ActiveCfg = Debug|Any CPU
		{C602C47E-F379-40A3-A146-4F19105B3491}.Debug|Any CPU.Build.0 = Debug|Any CPU
		{C602C47E-F379-40A3-A146-4F19105B3491}.Release|Any CPU.ActiveCfg = Release|Any CPU
		{C602C47E-F379-40A3-A146-4F19105B3491}.Release|Any CPU.Build.0 = Release|Any CPU
		{B16D1621-F9D5-400A-B104-C3968B5DA5C1}.Debug|Any CPU.ActiveCfg = Debug|Any CPU
		{B16D1621-F9D5-400A-B104-C3968B5DA5C1}.Debug|Any CPU.Build.0 = Debug|Any CPU
		{B16D1621-F9D5-400A-B104-C3968B5DA5C1}.Release|Any CPU.ActiveCfg = Release|Any CPU
		{B16D1621-F9D5-400A-B104-C3968B5DA5C1}.Release|Any CPU.Build.0 = Release|Any CPU
		{1A5FE221-036F-45AC-A7F7-CE4502217E0A}.Debug|Any CPU.ActiveCfg = Debug|Any CPU
		{1A5FE221-036F-45AC-A7F7-CE4502217E0A}.Debug|Any CPU.Build.0 = Debug|Any CPU
		{1A5FE221-036F-45AC-A7F7-CE4502217E0A}.Release|Any CPU.ActiveCfg = Release|Any CPU
		{1A5FE221-036F-45AC-A7F7-CE4502217E0A}.Release|Any CPU.Build.0 = Release|Any CPU
		{FF15F5B0-5067-4182-87FF-75A8E3F11E3C}.Debug|Any CPU.ActiveCfg = Debug|Any CPU
		{FF15F5B0-5067-4182-87FF-75A8E3F11E3C}.Debug|Any CPU.Build.0 = Debug|Any CPU
		{FF15F5B0-5067-4182-87FF-75A8E3F11E3C}.Release|Any CPU.ActiveCfg = Release|Any CPU
		{FF15F5B0-5067-4182-87FF-75A8E3F11E3C}.Release|Any CPU.Build.0 = Release|Any CPU
		{CC8F22AF-C19C-4E09-A0AF-F9082FC725C0}.Debug|Any CPU.ActiveCfg = Debug|Any CPU
		{CC8F22AF-C19C-4E09-A0AF-F9082FC725C0}.Debug|Any CPU.Build.0 = Debug|Any CPU
		{CC8F22AF-C19C-4E09-A0AF-F9082FC725C0}.Release|Any CPU.ActiveCfg = Release|Any CPU
		{CC8F22AF-C19C-4E09-A0AF-F9082FC725C0}.Release|Any CPU.Build.0 = Release|Any CPU
		{317500A0-EB81-4C54-8298-4FBCD68A2C92}.Debug|Any CPU.ActiveCfg = Debug|Any CPU
		{317500A0-EB81-4C54-8298-4FBCD68A2C92}.Debug|Any CPU.Build.0 = Debug|Any CPU
		{317500A0-EB81-4C54-8298-4FBCD68A2C92}.Release|Any CPU.ActiveCfg = Release|Any CPU
		{317500A0-EB81-4C54-8298-4FBCD68A2C92}.Release|Any CPU.Build.0 = Release|Any CPU
		{BD5D6D3F-6E4E-4C75-8488-80F7098EE3A4}.Debug|Any CPU.ActiveCfg = Debug|Any CPU
		{BD5D6D3F-6E4E-4C75-8488-80F7098EE3A4}.Debug|Any CPU.Build.0 = Debug|Any CPU
		{BD5D6D3F-6E4E-4C75-8488-80F7098EE3A4}.Release|Any CPU.ActiveCfg = Release|Any CPU
		{BD5D6D3F-6E4E-4C75-8488-80F7098EE3A4}.Release|Any CPU.Build.0 = Release|Any CPU
		{C5559A04-4513-4FF6-86CE-E63AC7D3A217}.Debug|Any CPU.ActiveCfg = Debug|Any CPU
		{C5559A04-4513-4FF6-86CE-E63AC7D3A217}.Debug|Any CPU.Build.0 = Debug|Any CPU
		{C5559A04-4513-4FF6-86CE-E63AC7D3A217}.Release|Any CPU.ActiveCfg = Release|Any CPU
		{C5559A04-4513-4FF6-86CE-E63AC7D3A217}.Release|Any CPU.Build.0 = Release|Any CPU
		{E1391F1C-5BCF-40C6-8E99-294D367AEE2E}.Debug|Any CPU.ActiveCfg = Debug|Any CPU
		{E1391F1C-5BCF-40C6-8E99-294D367AEE2E}.Debug|Any CPU.Build.0 = Debug|Any CPU
		{E1391F1C-5BCF-40C6-8E99-294D367AEE2E}.Release|Any CPU.ActiveCfg = Release|Any CPU
		{E1391F1C-5BCF-40C6-8E99-294D367AEE2E}.Release|Any CPU.Build.0 = Release|Any CPU
		{86201966-6132-40A5-A6BA-A51A5930C876}.Debug|Any CPU.ActiveCfg = Debug|Any CPU
		{86201966-6132-40A5-A6BA-A51A5930C876}.Debug|Any CPU.Build.0 = Debug|Any CPU
		{86201966-6132-40A5-A6BA-A51A5930C876}.Release|Any CPU.ActiveCfg = Release|Any CPU
		{86201966-6132-40A5-A6BA-A51A5930C876}.Release|Any CPU.Build.0 = Release|Any CPU
		{52C93A81-5BBC-4FC8-96B4-B97411863AAE}.Debug|Any CPU.ActiveCfg = Debug|Any CPU
		{52C93A81-5BBC-4FC8-96B4-B97411863AAE}.Debug|Any CPU.Build.0 = Debug|Any CPU
		{52C93A81-5BBC-4FC8-96B4-B97411863AAE}.Release|Any CPU.ActiveCfg = Release|Any CPU
		{52C93A81-5BBC-4FC8-96B4-B97411863AAE}.Release|Any CPU.Build.0 = Release|Any CPU
		{3B26D7DB-87CF-4EAA-9FF5-1629F0B26E14}.Debug|Any CPU.ActiveCfg = Debug|Any CPU
		{3B26D7DB-87CF-4EAA-9FF5-1629F0B26E14}.Debug|Any CPU.Build.0 = Debug|Any CPU
		{3B26D7DB-87CF-4EAA-9FF5-1629F0B26E14}.Release|Any CPU.ActiveCfg = Release|Any CPU
		{3B26D7DB-87CF-4EAA-9FF5-1629F0B26E14}.Release|Any CPU.Build.0 = Release|Any CPU
		{91908AF3-6989-4D15-994A-1F0784E143B5}.Debug|Any CPU.ActiveCfg = Debug|Any CPU
		{91908AF3-6989-4D15-994A-1F0784E143B5}.Debug|Any CPU.Build.0 = Debug|Any CPU
		{91908AF3-6989-4D15-994A-1F0784E143B5}.Release|Any CPU.ActiveCfg = Release|Any CPU
		{91908AF3-6989-4D15-994A-1F0784E143B5}.Release|Any CPU.Build.0 = Release|Any CPU
		{3B9033AD-4098-4760-ACE9-278359A6BC5E}.Debug|Any CPU.ActiveCfg = Debug|Any CPU
		{3B9033AD-4098-4760-ACE9-278359A6BC5E}.Debug|Any CPU.Build.0 = Debug|Any CPU
		{3B9033AD-4098-4760-ACE9-278359A6BC5E}.Release|Any CPU.ActiveCfg = Release|Any CPU
		{3B9033AD-4098-4760-ACE9-278359A6BC5E}.Release|Any CPU.Build.0 = Release|Any CPU
		{236E64C7-F113-430C-8816-BD56672AB1AE}.Debug|Any CPU.ActiveCfg = Debug|Any CPU
		{236E64C7-F113-430C-8816-BD56672AB1AE}.Debug|Any CPU.Build.0 = Debug|Any CPU
		{236E64C7-F113-430C-8816-BD56672AB1AE}.Release|Any CPU.ActiveCfg = Release|Any CPU
		{236E64C7-F113-430C-8816-BD56672AB1AE}.Release|Any CPU.Build.0 = Release|Any CPU
		{C92339CE-BDC9-4484-A67B-D8D5024F29F0}.Debug|Any CPU.ActiveCfg = Debug|Any CPU
		{C92339CE-BDC9-4484-A67B-D8D5024F29F0}.Debug|Any CPU.Build.0 = Debug|Any CPU
		{C92339CE-BDC9-4484-A67B-D8D5024F29F0}.Release|Any CPU.ActiveCfg = Release|Any CPU
		{C92339CE-BDC9-4484-A67B-D8D5024F29F0}.Release|Any CPU.Build.0 = Release|Any CPU
	EndGlobalSection
	GlobalSection(SolutionProperties) = preSolution
		HideSolutionNode = FALSE
	EndGlobalSection
	GlobalSection(NestedProjects) = preSolution
		{C602C47E-F379-40A3-A146-4F19105B3491} = {7E85C7E5-70BD-4C9D-B052-D95955F46609}
		{E617B5E5-91D6-4CB6-BD8D-DED2746FE2B9} = {D22BBA3D-F659-4431-8C1F-54FAD503456B}
		{B16D1621-F9D5-400A-B104-C3968B5DA5C1} = {E617B5E5-91D6-4CB6-BD8D-DED2746FE2B9}
		{1A5FE221-036F-45AC-A7F7-CE4502217E0A} = {E617B5E5-91D6-4CB6-BD8D-DED2746FE2B9}
		{FF15F5B0-5067-4182-87FF-75A8E3F11E3C} = {E617B5E5-91D6-4CB6-BD8D-DED2746FE2B9}
		{43E7F07F-5F6B-4E8E-8B04-4D615E0DB8EB} = {D22BBA3D-F659-4431-8C1F-54FAD503456B}
		{CC8F22AF-C19C-4E09-A0AF-F9082FC725C0} = {43E7F07F-5F6B-4E8E-8B04-4D615E0DB8EB}
		{317500A0-EB81-4C54-8298-4FBCD68A2C92} = {43E7F07F-5F6B-4E8E-8B04-4D615E0DB8EB}
		{BD5D6D3F-6E4E-4C75-8488-80F7098EE3A4} = {43E7F07F-5F6B-4E8E-8B04-4D615E0DB8EB}
		{FB6E9A8D-638F-4E4C-A0C3-A96F12FAE28D} = {D22BBA3D-F659-4431-8C1F-54FAD503456B}
		{C5559A04-4513-4FF6-86CE-E63AC7D3A217} = {FB6E9A8D-638F-4E4C-A0C3-A96F12FAE28D}
		{E1391F1C-5BCF-40C6-8E99-294D367AEE2E} = {FB6E9A8D-638F-4E4C-A0C3-A96F12FAE28D}
		{86201966-6132-40A5-A6BA-A51A5930C876} = {FB6E9A8D-638F-4E4C-A0C3-A96F12FAE28D}
		{48FF6918-0D30-4A79-AA2A-B56A886AB6FC} = {D22BBA3D-F659-4431-8C1F-54FAD503456B}
		{52C93A81-5BBC-4FC8-96B4-B97411863AAE} = {48FF6918-0D30-4A79-AA2A-B56A886AB6FC}
		{3B26D7DB-87CF-4EAA-9FF5-1629F0B26E14} = {48FF6918-0D30-4A79-AA2A-B56A886AB6FC}
		{91908AF3-6989-4D15-994A-1F0784E143B5} = {48FF6918-0D30-4A79-AA2A-B56A886AB6FC}
		{0746AF6F-B33A-4F84-BC1E-939F6140FB00} = {D22BBA3D-F659-4431-8C1F-54FAD503456B}
		{3B9033AD-4098-4760-ACE9-278359A6BC5E} = {0746AF6F-B33A-4F84-BC1E-939F6140FB00}
		{236E64C7-F113-430C-8816-BD56672AB1AE} = {0746AF6F-B33A-4F84-BC1E-939F6140FB00}
		{C92339CE-BDC9-4484-A67B-D8D5024F29F0} = {0746AF6F-B33A-4F84-BC1E-939F6140FB00}
	EndGlobalSection
EndGlobal
